
Microsoft Visual Studio Solution File, Format Version 12.00
# Visual Studio Version 17
VisualStudioVersion = 17.5.002.0
MinimumVisualStudioVersion = 10.0.40219.1
Project("{9A19103F-16F7-4668-BE54-9A1E7A4F7556}") = "FluidRendererApi", "FluidRendererApi\FluidRendererApi.csproj", "{8DD0D1ED-2C05-4BC8-9A42-6788C3A23AAB}"
EndProject
Global
	GlobalSection(SolutionConfigurationPlatforms) = preSolution
		Debug|Any CPU = Debug|Any CPU
		Release|Any CPU = Release|Any CPU
	EndGlobalSection
	GlobalSection(ProjectConfigurationPlatforms) = postSolution
		{8DD0D1ED-2C05-4BC8-9A42-6788C3A23AAB}.Debug|Any CPU.ActiveCfg = Debug|Any CPU
		{8DD0D1ED-2C05-4BC8-9A42-6788C3A23AAB}.Debug|Any CPU.Build.0 = Debug|Any CPU
		{8DD0D1ED-2C05-4BC8-9A42-6788C3A23AAB}.Release|Any CPU.ActiveCfg = Release|Any CPU
		{8DD0D1ED-2C05-4BC8-9A42-6788C3A23AAB}.Release|Any CPU.Build.0 = Release|Any CPU
	EndGlobalSection
	GlobalSection(SolutionProperties) = preSolution
		HideSolutionNode = FALSE
	EndGlobalSection
	GlobalSection(ExtensibilityGlobals) = postSolution
		SolutionGuid = {FBC9C42A-79C7-4D3B-B706-42A6BCAB2BCB}
	EndGlobalSection
EndGlobal
